
Microsoft Visual Studio Solution File, Format Version 12.00
# Visual Studio Version 16
VisualStudioVersion = 16.0.30011.22
MinimumVisualStudioVersion = 10.0.40219.1
Project("{FAE04EC0-301F-11D3-BF4B-00C04F79EFBC}") = "PSA_Baras", "PSA_Baras\PSA_Baras.csproj", "{272FCE59-F52B-4188-951B-F3952FCF5F42}"
EndProject
Global
	GlobalSection(SolutionConfigurationPlatforms) = preSolution
		Debug|Any CPU = Debug|Any CPU
		Release|Any CPU = Release|Any CPU
	EndGlobalSection
	GlobalSection(ProjectConfigurationPlatforms) = postSolution
		{272FCE59-F52B-4188-951B-F3952FCF5F42}.Debug|Any CPU.ActiveCfg = Debug|Any CPU
		{272FCE59-F52B-4188-951B-F3952FCF5F42}.Debug|Any CPU.Build.0 = Debug|Any CPU
		{272FCE59-F52B-4188-951B-F3952FCF5F42}.Release|Any CPU.ActiveCfg = Release|Any CPU
		{272FCE59-F52B-4188-951B-F3952FCF5F42}.Release|Any CPU.Build.0 = Release|Any CPU
	EndGlobalSection
	GlobalSection(SolutionProperties) = preSolution
		HideSolutionNode = FALSE
	EndGlobalSection
	GlobalSection(ExtensibilityGlobals) = postSolution
		SolutionGuid = {E2E37E54-AEEC-47E0-A91F-CEFD6D724C0A}
	EndGlobalSection
EndGlobal
